Microsoft Visual Studio Solution File, Format Version 7.00
Project("{8BC9CEB8-8B4A-11D0-8D11-00A0C91BC942}") = "winmain", "winmain.vcproj", "{BDEFF1E9-D63D-4A2E-8787-638F48FDD2A5}"
EndProject
Global
	GlobalSection(SolutionConfiguration) = preSolution
		ConfigName.0 = Debug
		ConfigName.1 = Release
	EndGlobalSection
	GlobalSection(ProjectDependencies) = postSolution
	EndGlobalSection
	GlobalSection(ProjectConfiguration) = postSolution
		{BDEFF1E9-D63D-4A2E-8787-638F48FDD2A5}.Debug.ActiveCfg = Debug|Win32
		{BDEFF1E9-D63D-4A2E-8787-638F48FDD2A5}.Debug.Build.0 = Debug|Win32
		{BDEFF1E9-D63D-4A2E-8787-638F48FDD2A5}.Release.ActiveCfg = Release|Win32
		{BDEFF1E9-D63D-4A2E-8787-638F48FDD2A5}.Release.Build.0 = Release|Win32
	EndGlobalSection
	GlobalSection(ExtensibilityGlobals) = postSolution
	EndGlobalSection
	GlobalSection(ExtensibilityAddIns) = postSolution
	EndGlobalSection
EndGlobal
